
Microsoft Visual Studio Solution File, Format Version 12.00
# Visual Studio Version 17
VisualStudioVersion = 17.0.31903.59
MinimumVisualStudioVersion = 10.0.40219.1
Project("{FAE04EC0-301F-11D3-BF4B-00C04F79EFBC}") = "API", "API\API.csproj", "{D8507080-91E0-41C3-8CBD-A7BFE31AEC37}"
EndProject
Project("{FAE04EC0-301F-11D3-BF4B-00C04F79EFBC}") = "Application", "Application\Application.csproj", "{909CB1C9-CDCA-4EFA-A7B2-34F439CF9229}"
EndProject
Project("{FAE04EC0-301F-11D3-BF4B-00C04F79EFBC}") = "Domain", "Domain\Domain.csproj", "{8ED12367-C55E-457E-AEB3-11021885540F}"
EndProject
Project("{FAE04EC0-301F-11D3-BF4B-00C04F79EFBC}") = "Persistence", "Persistence\Persistence.csproj", "{DE47EF88-0886-4E62-9C19-56BE16E5E312}"
EndProject
Project("{FAE04EC0-301F-11D3-BF4B-00C04F79EFBC}") = "Infrastructure", "Infrastructure\Infrastructure.csproj", "{B99AAA39-154B-48FF-8E3C-45C583746AE9}"
EndProject
Global
	GlobalSection(SolutionConfigurationPlatforms) = preSolution
		Debug|Any CPU = Debug|Any CPU
		Debug|x64 = Debug|x64
		Debug|x86 = Debug|x86
		Release|Any CPU = Release|Any CPU
		Release|x64 = Release|x64
		Release|x86 = Release|x86
	EndGlobalSection
	GlobalSection(ProjectConfigurationPlatforms) = postSolution
		{D8507080-91E0-41C3-8CBD-A7BFE31AEC37}.Debug|Any CPU.ActiveCfg = Debug|Any CPU
		{D8507080-91E0-41C3-8CBD-A7BFE31AEC37}.Debug|Any CPU.Build.0 = Debug|Any CPU
		{D8507080-91E0-41C3-8CBD-A7BFE31AEC37}.Debug|x64.ActiveCfg = Debug|Any CPU
		{D8507080-91E0-41C3-8CBD-A7BFE31AEC37}.Debug|x64.Build.0 = Debug|Any CPU
		{D8507080-91E0-41C3-8CBD-A7BFE31AEC37}.Debug|x86.ActiveCfg = Debug|Any CPU
		{D8507080-91E0-41C3-8CBD-A7BFE31AEC37}.Debug|x86.Build.0 = Debug|Any CPU
		{D8507080-91E0-41C3-8CBD-A7BFE31AEC37}.Release|Any CPU.ActiveCfg = Release|Any CPU
		{D8507080-91E0-41C3-8CBD-A7BFE31AEC37}.Release|Any CPU.Build.0 = Release|Any CPU
		{D8507080-91E0-41C3-8CBD-A7BFE31AEC37}.Release|x64.ActiveCfg = Release|Any CPU
		{D8507080-91E0-41C3-8CBD-A7BFE31AEC37}.Release|x64.Build.0 = Release|Any CPU
		{D8507080-91E0-41C3-8CBD-A7BFE31AEC37}.Release|x86.ActiveCfg = Release|Any CPU
		{D8507080-91E0-41C3-8CBD-A7BFE31AEC37}.Release|x86.Build.0 = Release|Any CPU
		{909CB1C9-CDCA-4EFA-A7B2-34F439CF9229}.Debug|Any CPU.ActiveCfg = Debug|Any CPU
		{909CB1C9-CDCA-4EFA-A7B2-34F439CF9229}.Debug|Any CPU.Build.0 = Debug|Any CPU
		{909CB1C9-CDCA-4EFA-A7B2-34F439CF9229}.Debug|x64.ActiveCfg = Debug|Any CPU
		{909CB1C9-CDCA-4EFA-A7B2-34F439CF9229}.Debug|x64.Build.0 = Debug|Any CPU
		{909CB1C9-CDCA-4EFA-A7B2-34F439CF9229}.Debug|x86.ActiveCfg = Debug|Any CPU
		{909CB1C9-CDCA-4EFA-A7B2-34F439CF9229}.Debug|x86.Build.0 = Debug|Any CPU
		{909CB1C9-CDCA-4EFA-A7B2-34F439CF9229}.Release|Any CPU.ActiveCfg = Release|Any CPU
		{909CB1C9-CDCA-4EFA-A7B2-34F439CF9229}.Release|Any CPU.Build.0 = Release|Any CPU
		{909CB1C9-CDCA-4EFA-A7B2-34F439CF9229}.Release|x64.ActiveCfg = Release|Any CPU
		{909CB1C9-CDCA-4EFA-A7B2-34F439CF9229}.Release|x64.Build.0 = Release|Any CPU
		{909CB1C9-CDCA-4EFA-A7B2-34F439CF9229}.Release|x86.ActiveCfg = Release|Any CPU
		{909CB1C9-CDCA-4EFA-A7B2-34F439CF9229}.Release|x86.Build.0 = Release|Any CPU
		{8ED12367-C55E-457E-AEB3-11021885540F}.Debug|Any CPU.ActiveCfg = Debug|Any CPU
		{8ED12367-C55E-457E-AEB3-11021885540F}.Debug|Any CPU.Build.0 = Debug|Any CPU
		{8ED12367-C55E-457E-AEB3-11021885540F}.Debug|x64.ActiveCfg = Debug|Any CPU
		{8ED12367-C55E-457E-AEB3-11021885540F}.Debug|x64.Build.0 = Debug|Any CPU
		{8ED12367-C55E-457E-AEB3-11021885540F}.Debug|x86.ActiveCfg = Debug|Any CPU
		{8ED12367-C55E-457E-AEB3-11021885540F}.Debug|x86.Build.0 = Debug|Any CPU
		{8ED12367-C55E-457E-AEB3-11021885540F}.Release|Any CPU.ActiveCfg = Release|Any CPU
		{8ED12367-C55E-457E-AEB3-11021885540F}.Release|Any CPU.Build.0 = Release|Any CPU
		{8ED12367-C55E-457E-AEB3-11021885540F}.Release|x64.ActiveCfg = Release|Any CPU
		{8ED12367-C55E-457E-AEB3-11021885540F}.Release|x64.Build.0 = Release|Any CPU
		{8ED12367-C55E-457E-AEB3-11021885540F}.Release|x86.ActiveCfg = Release|Any CPU
		{8ED12367-C55E-457E-AEB3-11021885540F}.Release|x86.Build.0 = Release|Any CPU
		{DE47EF88-0886-4E62-9C19-56BE16E5E312}.Debug|Any CPU.ActiveCfg = Debug|Any CPU
		{DE47EF88-0886-4E62-9C19-56BE16E5E312}.Debug|Any CPU.Build.0 = Debug|Any CPU
		{DE47EF88-0886-4E62-9C19-56BE16E5E312}.Debug|x64.ActiveCfg = Debug|Any CPU
		{DE47EF88-0886-4E62-9C19-56BE16E5E312}.Debug|x64.Build.0 = Debug|Any CPU
		{DE47EF88-0886-4E62-9C19-56BE16E5E312}.Debug|x86.ActiveCfg = Debug|Any CPU
		{DE47EF88-0886-4E62-9C19-56BE16E5E312}.Debug|x86.Build.0 = Debug|Any CPU
		{DE47EF88-0886-4E62-9C19-56BE16E5E312}.Release|Any CPU.ActiveCfg = Release|Any CPU
		{DE47EF88-0886-4E62-9C19-56BE16E5E312}.Release|Any CPU.Build.0 = Release|Any CPU
		{DE47EF88-0886-4E62-9C19-56BE16E5E312}.Release|x64.ActiveCfg = Release|Any CPU
		{DE47EF88-0886-4E62-9C19-56BE16E5E312}.Release|x64.Build.0 = Release|Any CPU
		{DE47EF88-0886-4E62-9C19-56BE16E5E312}.Release|x86.ActiveCfg = Release|Any CPU
		{DE47EF88-0886-4E62-9C19-56BE16E5E312}.Release|x86.Build.0 = Release|Any CPU
		{B99AAA39-154B-48FF-8E3C-45C583746AE9}.Debug|Any CPU.ActiveCfg = Debug|Any CPU
		{B99AAA39-154B-48FF-8E3C-45C583746AE9}.Debug|Any CPU.Build.0 = Debug|Any CPU
		{B99AAA39-154B-48FF-8E3C-45C583746AE9}.Debug|x64.ActiveCfg = Debug|Any CPU
		{B99AAA39-154B-48FF-8E3C-45C583746AE9}.Debug|x64.Build.0 = Debug|Any CPU
		{B99AAA39-154B-48FF-8E3C-45C583746AE9}.Debug|x86.ActiveCfg = Debug|Any CPU
		{B99AAA39-154B-48FF-8E3C-45C583746AE9}.Debug|x86.Build.0 = Debug|Any CPU
		{B99AAA39-154B-48FF-8E3C-45C583746AE9}.Release|Any CPU.ActiveCfg = Release|Any CPU
		{B99AAA39-154B-48FF-8E3C-45C583746AE9}.Release|Any CPU.Build.0 = Release|Any CPU
		{B99AAA39-154B-48FF-8E3C-45C583746AE9}.Release|x64.ActiveCfg = Release|Any CPU
		{B99AAA39-154B-48FF-8E3C-45C583746AE9}.Release|x64.Build.0 = Release|Any CPU
		{B99AAA39-154B-48FF-8E3C-45C583746AE9}.Release|x86.ActiveCfg = Release|Any CPU
		{B99AAA39-154B-48FF-8E3C-45C583746AE9}.Release|x86.Build.0 = Release|Any CPU
	EndGlobalSection
	GlobalSection(SolutionProperties) = preSolution
		HideSolutionNode = FALSE
	EndGlobalSection
EndGlobal
